
Microsoft Visual Studio Solution File, Format Version 12.00
# Visual Studio Version 17
VisualStudioVersion = 17.9.34607.119
MinimumVisualStudioVersion = 10.0.40219.1
Project("{FAE04EC0-301F-11D3-BF4B-00C04F79EFBC}") = "BarlangokCLI", "BarlangokCLI\BarlangokCLI.csproj", "{2A29969E-AF36-4EA6-90D3-E5862D75E82E}"
EndProject
Global
	GlobalSection(SolutionConfigurationPlatforms) = preSolution
		Debug|Any CPU = Debug|Any CPU
		Release|Any CPU = Release|Any CPU
	EndGlobalSection
	GlobalSection(ProjectConfigurationPlatforms) = postSolution
		{2A29969E-AF36-4EA6-90D3-E5862D75E82E}.Debug|Any CPU.ActiveCfg = Debug|Any CPU
		{2A29969E-AF36-4EA6-90D3-E5862D75E82E}.Debug|Any CPU.Build.0 = Debug|Any CPU
		{2A29969E-AF36-4EA6-90D3-E5862D75E82E}.Release|Any CPU.ActiveCfg = Release|Any CPU
		{2A29969E-AF36-4EA6-90D3-E5862D75E82E}.Release|Any CPU.Build.0 = Release|Any CPU
	EndGlobalSection
	GlobalSection(SolutionProperties) = preSolution
		HideSolutionNode = FALSE
	EndGlobalSection
	GlobalSection(ExtensibilityGlobals) = postSolution
		SolutionGuid = {4FA8BEBD-F6AD-4FE1-8847-C35024FC1424}
	EndGlobalSection
EndGlobal
